
Microsoft Visual Studio Solution File, Format Version 12.00
# Visual Studio Version 16
VisualStudioVersion = 16.0.36324.18
MinimumVisualStudioVersion = 10.0.40219.1
Project("{FAE04EC0-301F-11D3-BF4B-00C04F79EFBC}") = "CapaVista", "CapaVista\CapaVista.csproj", "{F2F96B4A-2CF4-4CA5-92F0-EB5C30F6A116}"
EndProject
Project("{FAE04EC0-301F-11D3-BF4B-00C04F79EFBC}") = "CapaControlador", "CapaControlador\CapaControlador.csproj", "{7ED5462D-E763-4800-A020-E777EAFACB0F}"
EndProject
Project("{FAE04EC0-301F-11D3-BF4B-00C04F79EFBC}") = "CapaModelo", "CapaModelo\CapaModelo.csproj", "{71F893AF-770D-41E4-B862-C7BFB1439D5D}"
EndProject
Global
	GlobalSection(SolutionConfigurationPlatforms) = preSolution
		Debug|Any CPU = Debug|Any CPU
		Release|Any CPU = Release|Any CPU
	EndGlobalSection
	GlobalSection(ProjectConfigurationPlatforms) = postSolution
		{F2F96B4A-2CF4-4CA5-92F0-EB5C30F6A116}.Debug|Any CPU.ActiveCfg = Debug|Any CPU
		{F2F96B4A-2CF4-4CA5-92F0-EB5C30F6A116}.Debug|Any CPU.Build.0 = Debug|Any CPU
		{F2F96B4A-2CF4-4CA5-92F0-EB5C30F6A116}.Release|Any CPU.ActiveCfg = Release|Any CPU
		{F2F96B4A-2CF4-4CA5-92F0-EB5C30F6A116}.Release|Any CPU.Build.0 = Release|Any CPU
		{7ED5462D-E763-4800-A020-E777EAFACB0F}.Debug|Any CPU.ActiveCfg = Debug|Any CPU
		{7ED5462D-E763-4800-A020-E777EAFACB0F}.Debug|Any CPU.Build.0 = Debug|Any CPU
		{7ED5462D-E763-4800-A020-E777EAFACB0F}.Release|Any CPU.ActiveCfg = Release|Any CPU
		{7ED5462D-E763-4800-A020-E777EAFACB0F}.Release|Any CPU.Build.0 = Release|Any CPU
		{71F893AF-770D-41E4-B862-C7BFB1439D5D}.Debug|Any CPU.ActiveCfg = Debug|Any CPU
		{71F893AF-770D-41E4-B862-C7BFB1439D5D}.Debug|Any CPU.Build.0 = Debug|Any CPU
		{71F893AF-770D-41E4-B862-C7BFB1439D5D}.Release|Any CPU.ActiveCfg = Release|Any CPU
		{71F893AF-770D-41E4-B862-C7BFB1439D5D}.Release|Any CPU.Build.0 = Release|Any CPU
	EndGlobalSection
	GlobalSection(SolutionProperties) = preSolution
		HideSolutionNode = FALSE
	EndGlobalSection
	GlobalSection(ExtensibilityGlobals) = postSolution
		SolutionGuid = {D5F2AD79-1D84-47C1-A191-85D12289B3DC}
	EndGlobalSection
EndGlobal
